<Solution>
  <Project Path="RecipeSharingPlatform.Presentation/RecipeSharingPlatform.Presentation.csproj" />
  <Project Path="RecipeSharingPlatform.Repository/RecipeSharingPlatform.Repository.csproj" />
  <Project Path="RecipeSharingPlatform.Service/RecipeSharingPlatform.Service.csproj" />
</Solution>
